
Microsoft Visual Studio Solution File, Format Version 10.00
# Visual Studio 2008
Project("{FAE04EC0-301F-11D3-BF4B-00C04F79EFBC}") = "PointsGrid", "PointsGrid.csproj", "{F47072AC-9F11-4720-8923-53E9026873ED}"
EndProject
Global
	GlobalSection(SolutionConfigurationPlatforms) = preSolution
		Debug|Any CPU = Debug|Any CPU
		Debug-Linux|Any CPU = Debug-Linux|Any CPU
		Release|Any CPU = Release|Any CPU
	EndGlobalSection
	GlobalSection(ProjectConfigurationPlatforms) = postSolution
		{F47072AC-9F11-4720-8923-53E9026873ED}.Debug|Any CPU.ActiveCfg = Debug|Any CPU
		{F47072AC-9F11-4720-8923-53E9026873ED}.Debug|Any CPU.Build.0 = Debug|Any CPU
		{F47072AC-9F11-4720-8923-53E9026873ED}.Debug-Linux|Any CPU.ActiveCfg = Debug-Linux|Any CPU
		{F47072AC-9F11-4720-8923-53E9026873ED}.Debug-Linux|Any CPU.Build.0 = Debug-Linux|Any CPU
		{F47072AC-9F11-4720-8923-53E9026873ED}.Release|Any CPU.ActiveCfg = Release|Any CPU
		{F47072AC-9F11-4720-8923-53E9026873ED}.Release|Any CPU.Build.0 = Release|Any CPU
	EndGlobalSection
	GlobalSection(SolutionProperties) = preSolution
		HideSolutionNode = FALSE
	EndGlobalSection
EndGlobal
