
Microsoft Visual Studio Solution File, Format Version 10.00
# Visual Studio 2008
Project("{FAE04EC0-301F-11D3-BF4B-00C04F79EFBC}") = "Handlers.Integration", "Handlers.Integration.csproj", "{D88EA0F2-395F-4578-B6F9-300C8D6AD299}"
EndProject
Global
	GlobalSection(SolutionConfigurationPlatforms) = preSolution
		Debug|Any CPU = Debug|Any CPU
		Debug-Linux|Any CPU = Debug-Linux|Any CPU
		Release|Any CPU = Release|Any CPU
	EndGlobalSection
	GlobalSection(ProjectConfigurationPlatforms) = postSolution
		{D88EA0F2-395F-4578-B6F9-300C8D6AD299}.Debug|Any CPU.ActiveCfg = Debug|Any CPU
		{D88EA0F2-395F-4578-B6F9-300C8D6AD299}.Debug|Any CPU.Build.0 = Debug|Any CPU
		{D88EA0F2-395F-4578-B6F9-300C8D6AD299}.Debug-Linux|Any CPU.ActiveCfg = Debug-Linux|Any CPU
		{D88EA0F2-395F-4578-B6F9-300C8D6AD299}.Debug-Linux|Any CPU.Build.0 = Debug-Linux|Any CPU
		{D88EA0F2-395F-4578-B6F9-300C8D6AD299}.Release|Any CPU.ActiveCfg = Release|Any CPU
		{D88EA0F2-395F-4578-B6F9-300C8D6AD299}.Release|Any CPU.Build.0 = Release|Any CPU
	EndGlobalSection
	GlobalSection(SolutionProperties) = preSolution
		HideSolutionNode = FALSE
	EndGlobalSection
EndGlobal
